// !$*UTF8*$!
{
	archiveVersion = 1;
	classes = {
	};
	objectVersion = 56;
	objects = {

/* Begin PBXBuildFile section */
		74F14526297693C600D0E1F3 /* AppDelegate.swift in Sources */ = {isa = PBXBuildFile; fileRef = 74F14525297693C600D0E1F3 /* AppDelegate.swift */; };
		74F14528297693C600D0E1F3 /* SceneDelegate.swift in Sources */ = {isa = PBXBuildFile; fileRef = 74F14527297693C600D0E1F3 /* SceneDelegate.swift */; };
		74F1452A297693C600D0E1F3 /* ViewController.swift in Sources */ = {isa = PBXBuildFile; fileRef = 74F14529297693C600D0E1F3 /* ViewController.swift */; };
		74F1452D297693C600D0E1F3 /* Main.storyboard in Resources */ = {isa = PBXBuildFile; fileRef = 74F1452B297693C600D0E1F3 /* Main.storyboard */; };
		74F1452F297693C800D0E1F3 /* Assets.xcassets in Resources */ = {isa = PBXBuildFile; fileRef = 74F1452E297693C800D0E1F3 /* Assets.xcassets */; };
		74F14532297693C800D0E1F3 /* LaunchScreen.storyboard in Resources */ = {isa = PBXBuildFile; fileRef = 74F14530297693C800D0E1F3 /* LaunchScreen.storyboard */; };
		74F1453D297693C900D0E1F3 /* NavigationDemoTests.swift in Sources */ = {isa = PBXBuildFile; fileRef = 74F1453C297693C900D0E1F3 /* NavigationDemoTests.swift */; };
		74F14547297693C900D0E1F3 /* NavigationDemoUITests.swift in Sources */ = {isa = PBXBuildFile; fileRef = 74F14546297693C900D0E1F3 /* NavigationDemoUITests.swift */; };
		74F14549297693C900D0E1F3 /* NavigationDemoUITestsLaunchTests.swift in Sources */ = {isa = PBXBuildFile; fileRef = 74F14548297693C900D0E1F3 /* NavigationDemoUITestsLaunchTests.swift */; };
		74F14558297781A800D0E1F3 /* MyTableViewController.swift in Sources */ = {isa = PBXBuildFile; fileRef = 74F14557297781A800D0E1F3 /* MyTableViewController.swift */; };
		74F1455A29778D5600D0E1F3 /* MyScrollViewController.swift in Sources */ = {isa = PBXBuildFile; fileRef = 74F1455929778D5600D0E1F3 /* MyScrollViewController.swift */; };
/* End PBXBuildFile section */

/* Begin PBXContainerItemProxy section */
		74F14539297693C900D0E1F3 /* PBXContainerItemProxy */ = {
			isa = PBXContainerItemProxy;
			containerPortal = 74F1451A297693C600D0E1F3 /* Project object */;
			proxyType = 1;
			remoteGlobalIDString = 74F14521297693C600D0E1F3;
			remoteInfo = NavigationDemo;
		};
		74F14543297693C900D0E1F3 /* PBXContainerItemProxy */ = {
			isa = PBXContainerItemProxy;
			containerPortal = 74F1451A297693C600D0E1F3 /* Project object */;
			proxyType = 1;
			remoteGlobalIDString = 74F14521297693C600D0E1F3;
			remoteInfo = NavigationDemo;
		};
/* End PBXContainerItemProxy section */

/* Begin PBXFileReference section */
		74F14522297693C600D0E1F3 /* NavigationDemo.app */ = {isa = PBXFileReference; explicitFileType = wrapper.application; includeInIndex = 0; path = NavigationDemo.app; sourceTree = BUILT_PRODUCTS_DIR; };
		74F14525297693C600D0E1F3 /* AppDelegate.swift */ = {isa = PBXFileReference; lastKnownFileType = sourcecode.swift; path = AppDelegate.swift; sourceTree = "<group>"; };
		74F14527297693C600D0E1F3 /* SceneDelegate.swift */ = {isa = PBXFileReference; lastKnownFileType = sourcecode.swift; path = SceneDelegate.swift; sourceTree = "<group>"; };
		74F14529297693C600D0E1F3 /* ViewController.swift */ = {isa = PBXFileReference; lastKnownFileType = sourcecode.swift; path = ViewController.swift; sourceTree = "<group>"; };
		74F1452C297693C600D0E1F3 /* Base */ = {isa = PBXFileReference; lastKnownFileType = file.storyboard; name = Base; path = Base.lproj/Main.storyboard; sourceTree = "<group>"; };
		74F1452E297693C800D0E1F3 /* Assets.xcassets */ = {isa = PBXFileReference; lastKnownFileType = folder.assetcatalog; path = Assets.xcassets; sourceTree = "<group>"; };
		74F14531297693C800D0E1F3 /* Base */ = {isa = PBXFileReference; lastKnownFileType = file.storyboard; name = Base; path = Base.lproj/LaunchScreen.storyboard; sourceTree = "<group>"; };
		74F14533297693C800D0E1F3 /* Info.plist */ = {isa = PBXFileReference; lastKnownFileType = text.plist.xml; path = Info.plist; sourceTree = "<group>"; };
		74F14538297693C900D0E1F3 /* NavigationDemoTests.xctest */ = {isa = PBXFileReference; explicitFileType = wrapper.cfbundle; includeInIndex = 0; path = NavigationDemoTests.xctest; sourceTree = BUILT_PRODUCTS_DIR; };
		74F1453C297693C900D0E1F3 /* NavigationDemoTests.swift */ = {isa = PBXFileReference; lastKnownFileType = sourcecode.swift; path = NavigationDemoTests.swift; sourceTree = "<group>"; };
		74F14542297693C900D0E1F3 /* NavigationDemoUITests.xctest */ = {isa = PBXFileReference; explicitFileType = wrapper.cfbundle; includeInIndex = 0; path = NavigationDemoUITests.xctest; sourceTree = BUILT_PRODUCTS_DIR; };
		74F14546297693C900D0E1F3 /* NavigationDemoUITests.swift */ = {isa = PBXFileReference; lastKnownFileType = sourcecode.swift; path = NavigationDemoUITests.swift; sourceTree = "<group>"; };
		74F14548297693C900D0E1F3 /* NavigationDemoUITestsLaunchTests.swift */ = {isa = PBXFileReference; lastKnownFileType = sourcecode.swift; path = NavigationDemoUITestsLaunchTests.swift; sourceTree = "<group>"; };
		74F14557297781A800D0E1F3 /* MyTableViewController.swift */ = {isa = PBXFileReference; lastKnownFileType = sourcecode.swift; path = MyTableViewController.swift; sourceTree = "<group>"; };
		74F1455929778D5600D0E1F3 /* MyScrollViewController.swift */ = {isa = PBXFileReference; lastKnownFileType = sourcecode.swift; path = MyScrollViewController.swift; sourceTree = "<group>"; };
/* End PBXFileReference section */

/* Begin PBXFrameworksBuildPhase section */
		74F1451F297693C600D0E1F3 /* Frameworks */ = {
			isa = PBXFrameworksBuildPhase;
			buildActionMask = 2147483647;
			files = (
			);
			runOnlyForDeploymentPostprocessing = 0;
		};
		74F14535297693C900D0E1F3 /* Frameworks */ = {
			isa = PBXFrameworksBuildPhase;
			buildActionMask = 2147483647;
			files = (
			);
			runOnlyForDeploymentPostprocessing = 0;
		};
		74F1453F297693C900D0E1F3 /* Frameworks */ = {
			isa = PBXFrameworksBuildPhase;
			buildActionMask = 2147483647;
			files = (
			);
			runOnlyForDeploymentPostprocessing = 0;
		};
/* End PBXFrameworksBuildPhase section */

/* Begin PBXGroup section */
		74F14519297693C600D0E1F3 = {
			isa = PBXGroup;
			children = (
				74F14524297693C600D0E1F3 /* NavigationDemo */,
				74F1453B297693C900D0E1F3 /* NavigationDemoTests */,
				74F14545297693C900D0E1F3 /* NavigationDemoUITests */,
				74F14523297693C600D0E1F3 /* Products */,
			);
			sourceTree = "<group>";
		};
		74F14523297693C600D0E1F3 /* Products */ = {
			isa = PBXGroup;
			children = (
				74F14522297693C600D0E1F3 /* NavigationDemo.app */,
				74F14538297693C900D0E1F3 /* NavigationDemoTests.xctest */,
				74F14542297693C900D0E1F3 /* NavigationDemoUITests.xctest */,
			);
			name = Products;
			sourceTree = "<group>";
		};
		74F14524297693C600D0E1F3 /* NavigationDemo */ = {
			isa = PBXGroup;
			children = (
				74F14525297693C600D0E1F3 /* AppDelegate.swift */,
				74F14527297693C600D0E1F3 /* SceneDelegate.swift */,
				74F14529297693C600D0E1F3 /* ViewController.swift */,
				74F14557297781A800D0E1F3 /* MyTableViewController.swift */,
				74F1455929778D5600D0E1F3 /* MyScrollViewController.swift */,
				74F1452B297693C600D0E1F3 /* Main.storyboard */,
				74F1452E297693C800D0E1F3 /* Assets.xcassets */,
				74F14530297693C800D0E1F3 /* LaunchScreen.storyboard */,
				74F14533297693C800D0E1F3 /* Info.plist */,
			);
			path = NavigationDemo;
			sourceTree = "<group>";
		};
		74F1453B297693C900D0E1F3 /* NavigationDemoTests */ = {
			isa = PBXGroup;
			children = (
				74F1453C297693C900D0E1F3 /* NavigationDemoTests.swift */,
			);
			path = NavigationDemoTests;
			sourceTree = "<group>";
		};
		74F14545297693C900D0E1F3 /* NavigationDemoUITests */ = {
			isa = PBXGroup;
			children = (
				74F14546297693C900D0E1F3 /* NavigationDemoUITests.swift */,
				74F14548297693C900D0E1F3 /* NavigationDemoUITestsLaunchTests.swift */,
			);
			path = NavigationDemoUITests;
			sourceTree = "<group>";
		};
/* End PBXGroup section */

/* Begin PBXNativeTarget section */
		74F14521297693C600D0E1F3 /* NavigationDemo */ = {
			isa = PBXNativeTarget;
			buildConfigurationList = 74F1454C297693C900D0E1F3 /* Build configuration list for PBXNativeTarget "NavigationDemo" */;
			buildPhases = (
				74F1451E297693C600D0E1F3 /* Sources */,
				74F1451F297693C600D0E1F3 /* Frameworks */,
				74F14520297693C600D0E1F3 /* Resources */,
			);
			buildRules = (
			);
			dependencies = (
			);
			name = NavigationDemo;
			productName = NavigationDemo;
			productReference = 74F14522297693C600D0E1F3 /* NavigationDemo.app */;
			productType = "com.apple.product-type.application";
		};
		74F14537297693C900D0E1F3 /* NavigationDemoTests */ = {
			isa = PBXNativeTarget;
			buildConfigurationList = 74F1454F297693C900D0E1F3 /* Build configuration list for PBXNativeTarget "NavigationDemoTests" */;
			buildPhases = (
				74F14534297693C900D0E1F3 /* Sources */,
				74F14535297693C900D0E1F3 /* Frameworks */,
				74F14536297693C900D0E1F3 /* Resources */,
			);
			buildRules = (
			);
			dependencies = (
				74F1453A297693C900D0E1F3 /* PBXTargetDependency */,
			);
			name = NavigationDemoTests;
			productName = NavigationDemoTests;
			productReference = 74F14538297693C900D0E1F3 /* NavigationDemoTests.xctest */;
			productType = "com.apple.product-type.bundle.unit-test";
		};
		74F14541297693C900D0E1F3 /* NavigationDemoUITests */ = {
			isa = PBXNativeTarget;
			buildConfigurationList = 74F14552297693C900D0E1F3 /* Build configuration list for PBXNativeTarget "NavigationDemoUITests" */;
			buildPhases = (
				74F1453E297693C900D0E1F3 /* Sources */,
				74F1453F297693C900D0E1F3 /* Frameworks */,
				74F14540297693C900D0E1F3 /* Resources */,
			);
			buildRules = (
			);
			dependencies = (
				74F14544297693C900D0E1F3 /* PBXTargetDependency */,
			);
			name = NavigationDemoUITests;
			productName = NavigationDemoUITests;
			productReference = 74F14542297693C900D0E1F3 /* NavigationDemoUITests.xctest */;
			productType = "com.apple.product-type.bundle.ui-testing";
		};
/* End PBXNativeTarget section */

/* Begin PBXProject section */
		74F1451A297693C600D0E1F3 /* Project object */ = {
			isa = PBXProject;
			attributes = {
				BuildIndependentTargetsInParallel = 1;
				LastSwiftUpdateCheck = 1420;
				LastUpgradeCheck = 1420;
				TargetAttributes = {
					74F14521297693C600D0E1F3 = {
						CreatedOnToolsVersion = 14.2;
					};
					74F14537297693C900D0E1F3 = {
						CreatedOnToolsVersion = 14.2;
						TestTargetID = 74F14521297693C600D0E1F3;
					};
					74F14541297693C900D0E1F3 = {
						CreatedOnToolsVersion = 14.2;
						TestTargetID = 74F14521297693C600D0E1F3;
					};
				};
			};
			buildConfigurationList = 74F1451D297693C600D0E1F3 /* Build configuration list for PBXProject "NavigationDemo" */;
			compatibilityVersion = "Xcode 14.0";
			developmentRegion = en;
			hasScannedForEncodings = 0;
			knownRegions = (
				en,
				Base,
			);
			mainGroup = 74F14519297693C600D0E1F3;
			productRefGroup = 74F14523297693C600D0E1F3 /* Products */;
			projectDirPath = "";
			projectRoot = "";
			targets = (
				74F14521297693C600D0E1F3 /* NavigationDemo */,
				74F14537297693C900D0E1F3 /* NavigationDemoTests */,
				74F14541297693C900D0E1F3 /* NavigationDemoUITests */,
			);
		};
/* End PBXProject section */

/* Begin PBXResourcesBuildPhase section */
		74F14520297693C600D0E1F3 /* Resources */ = {
			isa = PBXResourcesBuildPhase;
			buildActionMask = 2147483647;
			files = (
				74F14532297693C800D0E1F3 /* LaunchScreen.storyboard in Resources */,
				74F1452F297693C800D0E1F3 /* Assets.xcassets in Resources */,
				74F1452D297693C600D0E1F3 /* Main.storyboard in Resources */,
			);
			runOnlyForDeploymentPostprocessing = 0;
		};
		74F14536297693C900D0E1F3 /* Resources */ = {
			isa = PBXResourcesBuildPhase;
			buildActionMask = 2147483647;
			files = (
			);
			runOnlyForDeploymentPostprocessing = 0;
		};
		74F14540297693C900D0E1F3 /* Resources */ = {
			isa = PBXResourcesBuildPhase;
			buildActionMask = 2147483647;
			files = (
			);
			runOnlyForDeploymentPostprocessing = 0;
		};
/* End PBXResourcesBuildPhase section */

/* Begin PBXSourcesBuildPhase section */
		74F1451E297693C600D0E1F3 /* Sources */ = {
			isa = PBXSourcesBuildPhase;
			buildActionMask = 2147483647;
			files = (
				74F1452A297693C600D0E1F3 /* ViewController.swift in Sources */,
				74F14526297693C600D0E1F3 /* AppDelegate.swift in Sources */,
				74F14528297693C600D0E1F3 /* SceneDelegate.swift in Sources */,
				74F1455A29778D5600D0E1F3 /* MyScrollViewController.swift in Sources */,
				74F14558297781A800D0E1F3 /* MyTableViewController.swift in Sources */,
			);
			runOnlyForDeploymentPostprocessing = 0;
		};
		74F14534297693C900D0E1F3 /* Sources */ = {
			isa = PBXSourcesBuildPhase;
			buildActionMask = 2147483647;
			files = (
				74F1453D297693C900D0E1F3 /* NavigationDemoTests.swift in Sources */,
			);
			runOnlyForDeploymentPostprocessing = 0;
		};
		74F1453E297693C900D0E1F3 /* Sources */ = {
			isa = PBXSourcesBuildPhase;
			buildActionMask = 2147483647;
			files = (
				74F14547297693C900D0E1F3 /* NavigationDemoUITests.swift in Sources */,
				74F14549297693C900D0E1F3 /* NavigationDemoUITestsLaunchTests.swift in Sources */,
			);
			runOnlyForDeploymentPostprocessing = 0;
		};
/* End PBXSourcesBuildPhase section */

/* Begin PBXTargetDependency section */
		74F1453A297693C900D0E1F3 /* PBXTargetDependency */ = {
			isa = PBXTargetDependency;
			target = 74F14521297693C600D0E1F3 /* NavigationDemo */;
			targetProxy = 74F14539297693C900D0E1F3 /* PBXContainerItemProxy */;
		};
		74F14544297693C900D0E1F3 /* PBXTargetDependency */ = {
			isa = PBXTargetDependency;
			target = 74F14521297693C600D0E1F3 /* NavigationDemo */;
			targetProxy = 74F14543297693C900D0E1F3 /* PBXContainerItemProxy */;
		};
/* End PBXTargetDependency section */

/* Begin PBXVariantGroup section */
		74F1452B297693C600D0E1F3 /* Main.storyboard */ = {
			isa = PBXVariantGroup;
			children = (
				74F1452C297693C600D0E1F3 /* Base */,
			);
			name = Main.storyboard;
			sourceTree = "<group>";
		};
		74F14530297693C800D0E1F3 /* LaunchScreen.storyboard */ = {
			isa = PBXVariantGroup;
			children = (
				74F14531297693C800D0E1F3 /* Base */,
			);
			name = LaunchScreen.storyboard;
			sourceTree = "<group>";
		};
/* End PBXVariantGroup section */

/* Begin XCBuildConfiguration section */
		74F1454A297693C900D0E1F3 /* Debug */ = {
			isa = XCBuildConfiguration;
			buildSettings = {
				ALWAYS_SEARCH_USER_PATHS = NO;
				CLANG_ANALYZER_NONNULL = YES;
				CLANG_ANALYZER_NUMBER_OBJECT_CONVERSION = YES_AGGRESSIVE;
				CLANG_CXX_LANGUAGE_STANDARD = "gnu++20";
				CLANG_ENABLE_MODULES = YES;
				CLANG_ENABLE_OBJC_ARC = YES;
				CLANG_ENABLE_OBJC_WEAK = YES;
				CLANG_WARN_BLOCK_CAPTURE_AUTORELEASING = YES;
				CLANG_WARN_BOOL_CONVERSION = YES;
				CLANG_WARN_COMMA = YES;
				CLANG_WARN_CONSTANT_CONVERSION = YES;
				CLANG_WARN_DEPRECATED_OBJC_IMPLEMENTATIONS = YES;
				CLANG_WARN_DIRECT_OBJC_ISA_USAGE = YES_ERROR;
				CLANG_WARN_DOCUMENTATION_COMMENTS = YES;
				CLANG_WARN_EMPTY_BODY = YES;
				CLANG_WARN_ENUM_CONVERSION = YES;
				CLANG_WARN_INFINITE_RECURSION = YES;
				CLANG_WARN_INT_CONVERSION = YES;
				CLANG_WARN_NON_LITERAL_NULL_CONVERSION = YES;
				CLANG_WARN_OBJC_IMPLICIT_RETAIN_SELF = YES;
				CLANG_WARN_OBJC_LITERAL_CONVERSION = YES;
				CLANG_WARN_OBJC_ROOT_CLASS = YES_ERROR;
				CLANG_WARN_QUOTED_INCLUDE_IN_FRAMEWORK_HEADER = YES;
				CLANG_WARN_RANGE_LOOP_ANALYSIS = YES;
				CLANG_WARN_STRICT_PROTOTYPES = YES;
				CLANG_WARN_SUSPICIOUS_MOVE = YES;
				CLANG_WARN_UNGUARDED_AVAILABILITY = YES_AGGRESSIVE;
				CLANG_WARN_UNREACHABLE_CODE = YES;
				CLANG_WARN__DUPLICATE_METHOD_MATCH = YES;
				COPY_PHASE_STRIP = NO;
				DEBUG_INFORMATION_FORMAT = dwarf;
				ENABLE_STRICT_OBJC_MSGSEND = YES;
				ENABLE_TESTABILITY = YES;
				GCC_C_LANGUAGE_STANDARD = gnu11;
				GCC_DYNAMIC_NO_PIC = NO;
				GCC_NO_COMMON_BLOCKS = YES;
				GCC_OPTIMIZATION_LEVEL = 0;
				GCC_PREPROCESSOR_DEFINITIONS = (
					"DEBUG=1",
					"$(inherited)",
				);
				GCC_WARN_64_TO_32_BIT_CONVERSION = YES;
				GCC_WARN_ABOUT_RETURN_TYPE = YES_ERROR;
				GCC_WARN_UNDECLARED_SELECTOR = YES;
				GCC_WARN_UNINITIALIZED_AUTOS = YES_AGGRESSIVE;
				GCC_WARN_UNUSED_FUNCTION = YES;
				GCC_WARN_UNUSED_VARIABLE = YES;
				IPHONEOS_DEPLOYMENT_TARGET = 16.2;
				MTL_ENABLE_DEBUG_INFO = INCLUDE_SOURCE;
				MTL_FAST_MATH = YES;
				ONLY_ACTIVE_ARCH = YES;
				SDKROOT = iphoneos;
				SWIFT_ACTIVE_COMPILATION_CONDITIONS = DEBUG;
				SWIFT_OPTIMIZATION_LEVEL = "-Onone";
			};
			name = Debug;
		};
		74F1454B297693C900D0E1F3 /* Release */ = {
			isa = XCBuildConfiguration;
			buildSettings = {
				ALWAYS_SEARCH_USER_PATHS = NO;
				CLANG_ANALYZER_NONNULL = YES;
				CLANG_ANALYZER_NUMBER_OBJECT_CONVERSION = YES_AGGRESSIVE;
				CLANG_CXX_LANGUAGE_STANDARD = "gnu++20";
				CLANG_ENABLE_MODULES = YES;
				CLANG_ENABLE_OBJC_ARC = YES;
				CLANG_ENABLE_OBJC_WEAK = YES;
				CLANG_WARN_BLOCK_CAPTURE_AUTORELEASING = YES;
				CLANG_WARN_BOOL_CONVERSION = YES;
				CLANG_WARN_COMMA = YES;
				CLANG_WARN_CONSTANT_CONVERSION = YES;
				CLANG_WARN_DEPRECATED_OBJC_IMPLEMENTATIONS = YES;
				CLANG_WARN_DIRECT_OBJC_ISA_USAGE = YES_ERROR;
				CLANG_WARN_DOCUMENTATION_COMMENTS = YES;
				CLANG_WARN_EMPTY_BODY = YES;
				CLANG_WARN_ENUM_CONVERSION = YES;
				CLANG_WARN_INFINITE_RECURSION = YES;
				CLANG_WARN_INT_CONVERSION = YES;
				CLANG_WARN_NON_LITERAL_NULL_CONVERSION = YES;
				CLANG_WARN_OBJC_IMPLICIT_RETAIN_SELF = YES;
				CLANG_WARN_OBJC_LITERAL_CONVERSION = YES;
				CLANG_WARN_OBJC_ROOT_CLASS = YES_ERROR;
				CLANG_WARN_QUOTED_INCLUDE_IN_FRAMEWORK_HEADER = YES;
				CLANG_WARN_RANGE_LOOP_ANALYSIS = YES;
				CLANG_WARN_STRICT_PROTOTYPES = YES;
				CLANG_WARN_SUSPICIOUS_MOVE = YES;
				CLANG_WARN_UNGUARDED_AVAILABILITY = YES_AGGRESSIVE;
				CLANG_WARN_UNREACHABLE_CODE = YES;
				CLANG_WARN__DUPLICATE_METHOD_MATCH = YES;
				COPY_PHASE_STRIP = NO;
				DEBUG_INFORMATION_FORMAT = "dwarf-with-dsym";
				ENABLE_NS_ASSERTIONS = NO;
				ENABLE_STRICT_OBJC_MSGSEND = YES;
				GCC_C_LANGUAGE_STANDARD = gnu11;
				GCC_NO_COMMON_BLOCKS = YES;
				GCC_WARN_64_TO_32_BIT_CONVERSION = YES;
				GCC_WARN_ABOUT_RETURN_TYPE = YES_ERROR;
				GCC_WARN_UNDECLARED_SELECTOR = YES;
				GCC_WARN_UNINITIALIZED_AUTOS = YES_AGGRESSIVE;
				GCC_WARN_UNUSED_FUNCTION = YES;
				GCC_WARN_UNUSED_VARIABLE = YES;
				IPHONEOS_DEPLOYMENT_TARGET = 16.2;
				MTL_ENABLE_DEBUG_INFO = NO;
				MTL_FAST_MATH = YES;
				SDKROOT = iphoneos;
				SWIFT_COMPILATION_MODE = wholemodule;
				SWIFT_OPTIMIZATION_LEVEL = "-O";
				VALIDATE_PRODUCT = YES;
			};
			name = Release;
		};
		74F1454D297693C900D0E1F3 /* Debug */ = {
			isa = XCBuildConfiguration;
			buildSettings = {
				ASSETCATALOG_COMPILER_APPICON_NAME = AppIcon;
				ASSETCATALOG_COMPILER_GLOBAL_ACCENT_COLOR_NAME = AccentColor;
				CODE_SIGN_STYLE = Automatic;
				CURRENT_PROJECT_VERSION = 1;
				DEVELOPMENT_TEAM = 5957UHEQ5V;
				GENERATE_INFOPLIST_FILE = YES;
				INFOPLIST_FILE = NavigationDemo/Info.plist;
				INFOPLIST_KEY_UIApplicationSupportsIndirectInputEvents = YES;
				INFOPLIST_KEY_UILaunchStoryboardName = LaunchScreen;
				INFOPLIST_KEY_UIMainStoryboardFile = Main;
				INFOPLIST_KEY_UISupportedInterfaceOrientations_iPad = "UIInterfaceOrientationPortrait UIInterfaceOrientationPortraitUpsideDown UIInterfaceOrientationLandscapeLeft UIInterfaceOrientationLandscapeRight";
				INFOPLIST_KEY_UISupportedInterfaceOrientations_iPhone = "UIInterfaceOrientationPortrait UIInterfaceOrientationLandscapeLeft UIInterfaceOrientationLandscapeRight";
				LD_RUNPATH_SEARCH_PATHS = (
					"$(inherited)",
					"@executable_path/Frameworks",
				);
				MARKETING_VERSION = 1.0;
				PRODUCT_BUNDLE_IDENTIFIER = com.arimura6.NavigationDemo;
				PRODUCT_NAME = "$(TARGET_NAME)";
				SWIFT_EMIT_LOC_STRINGS = YES;
				SWIFT_VERSION = 5.0;
				TARGETED_DEVICE_FAMILY = "1,2";
			};
			name = Debug;
		};
		74F1454E297693C900D0E1F3 /* Release */ = {
			isa = XCBuildConfiguration;
			buildSettings = {
				ASSETCATALOG_COMPILER_APPICON_NAME = AppIcon;
				ASSETCATALOG_COMPILER_GLOBAL_ACCENT_COLOR_NAME = AccentColor;
				CODE_SIGN_STYLE = Automatic;
				CURRENT_PROJECT_VERSION = 1;
				DEVELOPMENT_TEAM = 5957UHEQ5V;
				GENERATE_INFOPLIST_FILE = YES;
				INFOPLIST_FILE = NavigationDemo/Info.plist;
				INFOPLIST_KEY_UIApplicationSupportsIndirectInputEvents = YES;
				INFOPLIST_KEY_UILaunchStoryboardName = LaunchScreen;
				INFOPLIST_KEY_UIMainStoryboardFile = Main;
				INFOPLIST_KEY_UISupportedInterfaceOrientations_iPad = "UIInterfaceOrientationPortrait UIInterfaceOrientationPortraitUpsideDown UIInterfaceOrientationLandscapeLeft UIInterfaceOrientationLandscapeRight";
				INFOPLIST_KEY_UISupportedInterfaceOrientations_iPhone = "UIInterfaceOrientationPortrait UIInterfaceOrientationLandscapeLeft UIInterfaceOrientationLandscapeRight";
				LD_RUNPATH_SEARCH_PATHS = (
					"$(inherited)",
					"@executable_path/Frameworks",
				);
				MARKETING_VERSION = 1.0;
				PRODUCT_BUNDLE_IDENTIFIER = com.arimura6.NavigationDemo;
				PRODUCT_NAME = "$(TARGET_NAME)";
				SWIFT_EMIT_LOC_STRINGS = YES;
				SWIFT_VERSION = 5.0;
				TARGETED_DEVICE_FAMILY = "1,2";
			};
			name = Release;
		};
		74F14550297693C900D0E1F3 /* Debug */ = {
			isa = XCBuildConfiguration;
			buildSettings = {
				ALWAYS_EMBED_SWIFT_STANDARD_LIBRARIES = YES;
				BUNDLE_LOADER = "$(TEST_HOST)";
				CODE_SIGN_STYLE = Automatic;
				CURRENT_PROJECT_VERSION = 1;
				DEVELOPMENT_TEAM = 5957UHEQ5V;
				GENERATE_INFOPLIST_FILE = YES;
				IPHONEOS_DEPLOYMENT_TARGET = 16.2;
				MARKETING_VERSION = 1.0;
				PRODUCT_BUNDLE_IDENTIFIER = com.arimura6.NavigationDemoTests;
				PRODUCT_NAME = "$(TARGET_NAME)";
				SWIFT_EMIT_LOC_STRINGS = NO;
				SWIFT_VERSION = 5.0;
				TARGETED_DEVICE_FAMILY = "1,2";
				TEST_HOST = "$(BUILT_PRODUCTS_DIR)/NavigationDemo.app/$(BUNDLE_EXECUTABLE_FOLDER_PATH)/NavigationDemo";
			};
			name = Debug;
		};
		74F14551297693C900D0E1F3 /* Release */ = {
			isa = XCBuildConfiguration;
			buildSettings = {
				ALWAYS_EMBED_SWIFT_STANDARD_LIBRARIES = YES;
				BUNDLE_LOADER = "$(TEST_HOST)";
				CODE_SIGN_STYLE = Automatic;
				CURRENT_PROJECT_VERSION = 1;
				DEVELOPMENT_TEAM = 5957UHEQ5V;
				GENERATE_INFOPLIST_FILE = YES;
				IPHONEOS_DEPLOYMENT_TARGET = 16.2;
				MARKETING_VERSION = 1.0;
				PRODUCT_BUNDLE_IDENTIFIER = com.arimura6.NavigationDemoTests;
				PRODUCT_NAME = "$(TARGET_NAME)";
				SWIFT_EMIT_LOC_STRINGS = NO;
				SWIFT_VERSION = 5.0;
				TARGETED_DEVICE_FAMILY = "1,2";
				TEST_HOST = "$(BUILT_PRODUCTS_DIR)/NavigationDemo.app/$(BUNDLE_EXECUTABLE_FOLDER_PATH)/NavigationDemo";
			};
			name = Release;
		};
		74F14553297693C900D0E1F3 /* Debug */ = {
			isa = XCBuildConfiguration;
			buildSettings = {
				ALWAYS_EMBED_SWIFT_STANDARD_LIBRARIES = YES;
				CODE_SIGN_STYLE = Automatic;
				CURRENT_PROJECT_VERSION = 1;
				DEVELOPMENT_TEAM = 5957UHEQ5V;
				GENERATE_INFOPLIST_FILE = YES;
				MARKETING_VERSION = 1.0;
				PRODUCT_BUNDLE_IDENTIFIER = com.arimura6.NavigationDemoUITests;
				PRODUCT_NAME = "$(TARGET_NAME)";
				SWIFT_EMIT_LOC_STRINGS = NO;
				SWIFT_VERSION = 5.0;
				TARGETED_DEVICE_FAMILY = "1,2";
				TEST_TARGET_NAME = NavigationDemo;
			};
			name = Debug;
		};
		74F14554297693C900D0E1F3 /* Release */ = {
			isa = XCBuildConfiguration;
			buildSettings = {
				ALWAYS_EMBED_SWIFT_STANDARD_LIBRARIES = YES;
				CODE_SIGN_STYLE = Automatic;
				CURRENT_PROJECT_VERSION = 1;
				DEVELOPMENT_TEAM = 5957UHEQ5V;
				GENERATE_INFOPLIST_FILE = YES;
				MARKETING_VERSION = 1.0;
				PRODUCT_BUNDLE_IDENTIFIER = com.arimura6.NavigationDemoUITests;
				PRODUCT_NAME = "$(TARGET_NAME)";
				SWIFT_EMIT_LOC_STRINGS = NO;
				SWIFT_VERSION = 5.0;
				TARGETED_DEVICE_FAMILY = "1,2";
				TEST_TARGET_NAME = NavigationDemo;
			};
			name = Release;
		};
/* End XCBuildConfiguration section */

/* Begin XCConfigurationList section */
		74F1451D297693C600D0E1F3 /* Build configuration list for PBXProject "NavigationDemo" */ = {
			isa = XCConfigurationList;
			buildConfigurations = (
				74F1454A297693C900D0E1F3 /* Debug */,
				74F1454B297693C900D0E1F3 /* Release */,
			);
			defaultConfigurationIsVisible = 0;
			defaultConfigurationName = Release;
		};
		74F1454C297693C900D0E1F3 /* Build configuration list for PBXNativeTarget "NavigationDemo" */ = {
			isa = XCConfigurationList;
			buildConfigurations = (
				74F1454D297693C900D0E1F3 /* Debug */,
				74F1454E297693C900D0E1F3 /* Release */,
			);
			defaultConfigurationIsVisible = 0;
			defaultConfigurationName = Release;
		};
		74F1454F297693C900D0E1F3 /* Build configuration list for PBXNativeTarget "NavigationDemoTests" */ = {
			isa = XCConfigurationList;
			buildConfigurations = (
				74F14550297693C900D0E1F3 /* Debug */,
				74F14551297693C900D0E1F3 /* Release */,
			);
			defaultConfigurationIsVisible = 0;
			defaultConfigurationName = Release;
		};
		74F14552297693C900D0E1F3 /* Build configuration list for PBXNativeTarget "NavigationDemoUITests" */ = {
			isa = XCConfigurationList;
			buildConfigurations = (
				74F14553297693C900D0E1F3 /* Debug */,
				74F14554297693C900D0E1F3 /* Release */,
			);
			defaultConfigurationIsVisible = 0;
			defaultConfigurationName = Release;
		};
/* End XCConfigurationList section */
	};
	rootObject = 74F1451A297693C600D0E1F3 /* Project object */;
}
